
Microsoft Visual Studio Solution File, Format Version 12.00
# Visual Studio Version 16
VisualStudioVersion = 16.0.31702.278
MinimumVisualStudioVersion = 10.0.40219.1
Project("{FAE04EC0-301F-11D3-BF4B-00C04F79EFBC}") = "Lab_6_1", "Lab_6\Lab_6_1.csproj", "{D27BB066-82B7-46C4-8F1D-51A97E5F7907}"
EndProject
Project("{FAE04EC0-301F-11D3-BF4B-00C04F79EFBC}") = "Lab_6_2", "Lab_6_2\Lab_6_2.csproj", "{8727B71D-869E-4042-BC5B-45AB404F3B6A}"
EndProject
Project("{FAE04EC0-301F-11D3-BF4B-00C04F79EFBC}") = "Lab_6_3", "Lab_6_3\Lab_6_3.csproj", "{945020BF-8E7E-4A94-8B96-0E4968EEDCD4}"
EndProject
Global
	GlobalSection(SolutionConfigurationPlatforms) = preSolution
		Debug|Any CPU = Debug|Any CPU
		Release|Any CPU = Release|Any CPU
	EndGlobalSection
	GlobalSection(ProjectConfigurationPlatforms) = postSolution
		{D27BB066-82B7-46C4-8F1D-51A97E5F7907}.Debug|Any CPU.ActiveCfg = Debug|Any CPU
		{D27BB066-82B7-46C4-8F1D-51A97E5F7907}.Debug|Any CPU.Build.0 = Debug|Any CPU
		{D27BB066-82B7-46C4-8F1D-51A97E5F7907}.Release|Any CPU.ActiveCfg = Release|Any CPU
		{D27BB066-82B7-46C4-8F1D-51A97E5F7907}.Release|Any CPU.Build.0 = Release|Any CPU
		{8727B71D-869E-4042-BC5B-45AB404F3B6A}.Debug|Any CPU.ActiveCfg = Debug|Any CPU
		{8727B71D-869E-4042-BC5B-45AB404F3B6A}.Debug|Any CPU.Build.0 = Debug|Any CPU
		{8727B71D-869E-4042-BC5B-45AB404F3B6A}.Release|Any CPU.ActiveCfg = Release|Any CPU
		{8727B71D-869E-4042-BC5B-45AB404F3B6A}.Release|Any CPU.Build.0 = Release|Any CPU
		{945020BF-8E7E-4A94-8B96-0E4968EEDCD4}.Debug|Any CPU.ActiveCfg = Debug|Any CPU
		{945020BF-8E7E-4A94-8B96-0E4968EEDCD4}.Debug|Any CPU.Build.0 = Debug|Any CPU
		{945020BF-8E7E-4A94-8B96-0E4968EEDCD4}.Release|Any CPU.ActiveCfg = Release|Any CPU
		{945020BF-8E7E-4A94-8B96-0E4968EEDCD4}.Release|Any CPU.Build.0 = Release|Any CPU
	EndGlobalSection
	GlobalSection(SolutionProperties) = preSolution
		HideSolutionNode = FALSE
	EndGlobalSection
	GlobalSection(ExtensibilityGlobals) = postSolution
		SolutionGuid = {F3F43403-DF70-4076-829B-70E63C334193}
	EndGlobalSection
EndGlobal
